// !$*UTF8*$!
{
	archiveVersion = 1;
	classes = {
	};
	objectVersion = 46;
	objects = {

/* Begin PBXBuildFile section */
		C65066B81C980D9500D95878 /* LYKCameraViewController.m in Sources */ = {isa = PBXBuildFile; fileRef = C65066B51C980D9500D95878 /* LYKCameraViewController.m */; };
		C65066B91C980D9500D95878 /* LYKCustomButton.m in Sources */ = {isa = PBXBuildFile; fileRef = C65066B71C980D9500D95878 /* LYKCustomButton.m */; };
		C65588A01C9688540097E11B /* main.m in Sources */ = {isa = PBXBuildFile; fileRef = C655889F1C9688540097E11B /* main.m */; };
		C65588A31C9688540097E11B /* AppDelegate.m in Sources */ = {isa = PBXBuildFile; fileRef = C65588A21C9688540097E11B /* AppDelegate.m */; };
		C65588A61C9688540097E11B /* ViewController.m in Sources */ = {isa = PBXBuildFile; fileRef = C65588A51C9688540097E11B /* ViewController.m */; };
		C65588A91C9688540097E11B /* Main.storyboard in Resources */ = {isa = PBXBuildFile; fileRef = C65588A71C9688540097E11B /* Main.storyboard */; };
		C65588AB1C9688540097E11B /* Assets.xcassets in Resources */ = {isa = PBXBuildFile; fileRef = C65588AA1C9688540097E11B /* Assets.xcassets */; };
		C65588AE1C9688540097E11B /* LaunchScreen.storyboard in Resources */ = {isa = PBXBuildFile; fileRef = C65588AC1C9688540097E11B /* LaunchScreen.storyboard */; };
/* End PBXBuildFile section */

/* Begin PBXFileReference section */
		C65066B41C980D9500D95878 /* LYKCameraViewController.h */ = {isa = PBXFileReference; fileEncoding = 4; lastKnownFileType = sourcecode.c.h; path = LYKCameraViewController.h; sourceTree = "<group>"; };
		C65066B51C980D9500D95878 /* LYKCameraViewController.m */ = {isa = PBXFileReference; fileEncoding = 4; lastKnownFileType = sourcecode.c.objc; path = LYKCameraViewController.m; sourceTree = "<group>"; };
		C65066B61C980D9500D95878 /* LYKCustomButton.h */ = {isa = PBXFileReference; fileEncoding = 4; lastKnownFileType = sourcecode.c.h; path = LYKCustomButton.h; sourceTree = "<group>"; };
		C65066B71C980D9500D95878 /* LYKCustomButton.m */ = {isa = PBXFileReference; fileEncoding = 4; lastKnownFileType = sourcecode.c.objc; path = LYKCustomButton.m; sourceTree = "<group>"; };
		C655889B1C9688540097E11B /* cameraDemo.app */ = {isa = PBXFileReference; explicitFileType = wrapper.application; includeInIndex = 0; path = cameraDemo.app; sourceTree = BUILT_PRODUCTS_DIR; };
		C655889F1C9688540097E11B /* main.m */ = {isa = PBXFileReference; lastKnownFileType = sourcecode.c.objc; path = main.m; sourceTree = "<group>"; };
		C65588A11C9688540097E11B /* AppDelegate.h */ = {isa = PBXFileReference; lastKnownFileType = sourcecode.c.h; path = AppDelegate.h; sourceTree = "<group>"; };
		C65588A21C9688540097E11B /* AppDelegate.m */ = {isa = PBXFileReference; lastKnownFileType = sourcecode.c.objc; path = AppDelegate.m; sourceTree = "<group>"; };
		C65588A41C9688540097E11B /* ViewController.h */ = {isa = PBXFileReference; lastKnownFileType = sourcecode.c.h; path = ViewController.h; sourceTree = "<group>"; };
		C65588A51C9688540097E11B /* ViewController.m */ = {isa = PBXFileReference; lastKnownFileType = sourcecode.c.objc; path = ViewController.m; sourceTree = "<group>"; };
		C65588A81C9688540097E11B /* Base */ = {isa = PBXFileReference; lastKnownFileType = file.storyboard; name = Base; path = Base.lproj/Main.storyboard; sourceTree = "<group>"; };
		C65588AA1C9688540097E11B /* Assets.xcassets */ = {isa = PBXFileReference; lastKnownFileType = folder.assetcatalog; path = Assets.xcassets; sourceTree = "<group>"; };
		C65588AD1C9688540097E11B /* Base */ = {isa = PBXFileReference; lastKnownFileType = file.storyboard; name = Base; path = Base.lproj/LaunchScreen.storyboard; sourceTree = "<group>"; };
		C65588AF1C9688540097E11B /* Info.plist */ = {isa = PBXFileReference; lastKnownFileType = text.plist.xml; path = Info.plist; sourceTree = "<group>"; };
/* End PBXFileReference section */

/* Begin PBXFrameworksBuildPhase section */
		C65588981C9688540097E11B /* Frameworks */ = {
			isa = PBXFrameworksBuildPhase;
			buildActionMask = 2147483647;
			files = (
			);
			runOnlyForDeploymentPostprocessing = 0;
		};
/* End PBXFrameworksBuildPhase section */

/* Begin PBXGroup section */
		C65066B31C980D9500D95878 /* LYKCameraController */ = {
			isa = PBXGroup;
			children = (
				C65066B41C980D9500D95878 /* LYKCameraViewController.h */,
				C65066B51C980D9500D95878 /* LYKCameraViewController.m */,
				C65066B61C980D9500D95878 /* LYKCustomButton.h */,
				C65066B71C980D9500D95878 /* LYKCustomButton.m */,
			);
			path = LYKCameraController;
			sourceTree = "<group>";
		};
		C65588921C9688540097E11B = {
			isa = PBXGroup;
			children = (
				C655889D1C9688540097E11B /* cameraDemo */,
				C655889C1C9688540097E11B /* Products */,
			);
			sourceTree = "<group>";
		};
		C655889C1C9688540097E11B /* Products */ = {
			isa = PBXGroup;
			children = (
				C655889B1C9688540097E11B /* cameraDemo.app */,
			);
			name = Products;
			sourceTree = "<group>";
		};
		C655889D1C9688540097E11B /* cameraDemo */ = {
			isa = PBXGroup;
			children = (
				C65066B31C980D9500D95878 /* LYKCameraController */,
				C65588A11C9688540097E11B /* AppDelegate.h */,
				C65588A21C9688540097E11B /* AppDelegate.m */,
				C65588A41C9688540097E11B /* ViewController.h */,
				C65588A51C9688540097E11B /* ViewController.m */,
				C65588A71C9688540097E11B /* Main.storyboard */,
				C65588AA1C9688540097E11B /* Assets.xcassets */,
				C65588AC1C9688540097E11B /* LaunchScreen.storyboard */,
				C65588AF1C9688540097E11B /* Info.plist */,
				C655889E1C9688540097E11B /* Supporting Files */,
			);
			path = cameraDemo;
			sourceTree = "<group>";
		};
		C655889E1C9688540097E11B /* Supporting Files */ = {
			isa = PBXGroup;
			children = (
				C655889F1C9688540097E11B /* main.m */,
			);
			name = "Supporting Files";
			sourceTree = "<group>";
		};
/* End PBXGroup section */

/* Begin PBXNativeTarget section */
		C655889A1C9688540097E11B /* cameraDemo */ = {
			isa = PBXNativeTarget;
			buildConfigurationList = C65588B21C9688540097E11B /* Build configuration list for PBXNativeTarget "cameraDemo" */;
			buildPhases = (
				C65588971C9688540097E11B /* Sources */,
				C65588981C9688540097E11B /* Frameworks */,
				C65588991C9688540097E11B /* Resources */,
			);
			buildRules = (
			);
			dependencies = (
			);
			name = cameraDemo;
			productName = cameraDemo;
			productReference = C655889B1C9688540097E11B /* cameraDemo.app */;
			productType = "com.apple.product-type.application";
		};
/* End PBXNativeTarget section */

/* Begin PBXProject section */
		C65588931C9688540097E11B /* Project object */ = {
			isa = PBXProject;
			attributes = {
				LastUpgradeCheck = 0720;
				ORGANIZATIONNAME = liuyankai;
				TargetAttributes = {
					C655889A1C9688540097E11B = {
						CreatedOnToolsVersion = 7.2.1;
					};
				};
			};
			buildConfigurationList = C65588961C9688540097E11B /* Build configuration list for PBXProject "cameraDemo" */;
			compatibilityVersion = "Xcode 3.2";
			developmentRegion = English;
			hasScannedForEncodings = 0;
			knownRegions = (
				en,
				Base,
			);
			mainGroup = C65588921C9688540097E11B;
			productRefGroup = C655889C1C9688540097E11B /* Products */;
			projectDirPath = "";
			projectRoot = "";
			targets = (
				C655889A1C9688540097E11B /* cameraDemo */,
			);
		};
/* End PBXProject section */

/* Begin PBXResourcesBuildPhase section */
		C65588991C9688540097E11B /* Resources */ = {
			isa = PBXResourcesBuildPhase;
			buildActionMask = 2147483647;
			files = (
				C65588AE1C9688540097E11B /* LaunchScreen.storyboard in Resources */,
				C65588AB1C9688540097E11B /* Assets.xcassets in Resources */,
				C65588A91C9688540097E11B /* Main.storyboard in Resources */,
			);
			runOnlyForDeploymentPostprocessing = 0;
		};
/* End PBXResourcesBuildPhase section */

/* Begin PBXSourcesBuildPhase section */
		C65588971C9688540097E11B /* Sources */ = {
			isa = PBXSourcesBuildPhase;
			buildActionMask = 2147483647;
			files = (
				C65066B81C980D9500D95878 /* LYKCameraViewController.m in Sources */,
				C65066B91C980D9500D95878 /* LYKCustomButton.m in Sources */,
				C65588A61C9688540097E11B /* ViewController.m in Sources */,
				C65588A31C9688540097E11B /* AppDelegate.m in Sources */,
				C65588A01C9688540097E11B /* main.m in Sources */,
			);
			runOnlyForDeploymentPostprocessing = 0;
		};
/* End PBXSourcesBuildPhase section */

/* Begin PBXVariantGroup section */
		C65588A71C9688540097E11B /* Main.storyboard */ = {
			isa = PBXVariantGroup;
			children = (
				C65588A81C9688540097E11B /* Base */,
			);
			name = Main.storyboard;
			sourceTree = "<group>";
		};
		C65588AC1C9688540097E11B /* LaunchScreen.storyboard */ = {
			isa = PBXVariantGroup;
			children = (
				C65588AD1C9688540097E11B /* Base */,
			);
			name = LaunchScreen.storyboard;
			sourceTree = "<group>";
		};
/* End PBXVariantGroup section */

/* Begin XCBuildConfiguration section */
		C65588B01C9688540097E11B /* Debug */ = {
			isa = XCBuildConfiguration;
			buildSettings = {
				ALWAYS_SEARCH_USER_PATHS = NO;
				CLANG_CXX_LANGUAGE_STANDARD = "gnu++0x";
				CLANG_CXX_LIBRARY = "libc++";
				CLANG_ENABLE_MODULES = YES;
				CLANG_ENABLE_OBJC_ARC = YES;
				CLANG_WARN_BOOL_CONVERSION = YES;
				CLANG_WARN_CONSTANT_CONVERSION = YES;
				CLANG_WARN_DIRECT_OBJC_ISA_USAGE = YES_ERROR;
				CLANG_WARN_EMPTY_BODY = YES;
				CLANG_WARN_ENUM_CONVERSION = YES;
				CLANG_WARN_INT_CONVERSION = YES;
				CLANG_WARN_OBJC_ROOT_CLASS = YES_ERROR;
				CLANG_WARN_UNREACHABLE_CODE = YES;
				CLANG_WARN__DUPLICATE_METHOD_MATCH = YES;
				"CODE_SIGN_IDENTITY[sdk=iphoneos*]" = "iPhone Developer";
				COPY_PHASE_STRIP = NO;
				DEBUG_INFORMATION_FORMAT = dwarf;
				ENABLE_STRICT_OBJC_MSGSEND = YES;
				ENABLE_TESTABILITY = YES;
				GCC_C_LANGUAGE_STANDARD = gnu99;
				GCC_DYNAMIC_NO_PIC = NO;
				GCC_NO_COMMON_BLOCKS = YES;
				GCC_OPTIMIZATION_LEVEL = 0;
				GCC_PREPROCESSOR_DEFINITIONS = (
					"DEBUG=1",
					"$(inherited)",
				);
				GCC_WARN_64_TO_32_BIT_CONVERSION = YES;
				GCC_WARN_ABOUT_RETURN_TYPE = YES_ERROR;
				GCC_WARN_UNDECLARED_SELECTOR = YES;
				GCC_WARN_UNINITIALIZED_AUTOS = YES_AGGRESSIVE;
				GCC_WARN_UNUSED_FUNCTION = YES;
				GCC_WARN_UNUSED_VARIABLE = YES;
				IPHONEOS_DEPLOYMENT_TARGET = 9.2;
				MTL_ENABLE_DEBUG_INFO = YES;
				ONLY_ACTIVE_ARCH = YES;
				SDKROOT = iphoneos;
				TARGETED_DEVICE_FAMILY = "1,2";
			};
			name = Debug;
		};
		C65588B11C9688540097E11B /* Release */ = {
			isa = XCBuildConfiguration;
			buildSettings = {
				ALWAYS_SEARCH_USER_PATHS = NO;
				CLANG_CXX_LANGUAGE_STANDARD = "gnu++0x";
				CLANG_CXX_LIBRARY = "libc++";
				CLANG_ENABLE_MODULES = YES;
				CLANG_ENABLE_OBJC_ARC = YES;
				CLANG_WARN_BOOL_CONVERSION = YES;
				CLANG_WARN_CONSTANT_CONVERSION = YES;
				CLANG_WARN_DIRECT_OBJC_ISA_USAGE = YES_ERROR;
				CLANG_WARN_EMPTY_BODY = YES;
				CLANG_WARN_ENUM_CONVERSION = YES;
				CLANG_WARN_INT_CONVERSION = YES;
				CLANG_WARN_OBJC_ROOT_CLASS = YES_ERROR;
				CLANG_WARN_UNREACHABLE_CODE = YES;
				CLANG_WARN__DUPLICATE_METHOD_MATCH = YES;
				"CODE_SIGN_IDENTITY[sdk=iphoneos*]" = "iPhone Developer";
				COPY_PHASE_STRIP = NO;
				DEBUG_INFORMATION_FORMAT = "dwarf-with-dsym";
				ENABLE_NS_ASSERTIONS = NO;
				ENABLE_STRICT_OBJC_MSGSEND = YES;
				GCC_C_LANGUAGE_STANDARD = gnu99;
				GCC_NO_COMMON_BLOCKS = YES;
				GCC_WARN_64_TO_32_BIT_CONVERSION = YES;
				GCC_WARN_ABOUT_RETURN_TYPE = YES_ERROR;
				GCC_WARN_UNDECLARED_SELECTOR = YES;
				GCC_WARN_UNINITIALIZED_AUTOS = YES_AGGRESSIVE;
				GCC_WARN_UNUSED_FUNCTION = YES;
				GCC_WARN_UNUSED_VARIABLE = YES;
				IPHONEOS_DEPLOYMENT_TARGET = 9.2;
				MTL_ENABLE_DEBUG_INFO = NO;
				SDKROOT = iphoneos;
				TARGETED_DEVICE_FAMILY = "1,2";
				VALIDATE_PRODUCT = YES;
			};
			name = Release;
		};
		C65588B31C9688540097E11B /* Debug */ = {
			isa = XCBuildConfiguration;
			buildSettings = {
				ASSETCATALOG_COMPILER_APPICON_NAME = AppIcon;
				INFOPLIST_FILE = cameraDemo/Info.plist;
				LD_RUNPATH_SEARCH_PATHS = "$(inherited) @executable_path/Frameworks";
				PRODUCT_BUNDLE_IDENTIFIER = com.liuyankai.cameraDemo;
				PRODUCT_NAME = "$(TARGET_NAME)";
			};
			name = Debug;
		};
		C65588B41C9688540097E11B /* Release */ = {
			isa = XCBuildConfiguration;
			buildSettings = {
				ASSETCATALOG_COMPILER_APPICON_NAME = AppIcon;
				INFOPLIST_FILE = cameraDemo/Info.plist;
				LD_RUNPATH_SEARCH_PATHS = "$(inherited) @executable_path/Frameworks";
				PRODUCT_BUNDLE_IDENTIFIER = com.liuyankai.cameraDemo;
				PRODUCT_NAME = "$(TARGET_NAME)";
			};
			name = Release;
		};
/* End XCBuildConfiguration section */

/* Begin XCConfigurationList section */
		C65588961C9688540097E11B /* Build configuration list for PBXProject "cameraDemo" */ = {
			isa = XCConfigurationList;
			buildConfigurations = (
				C65588B01C9688540097E11B /* Debug */,
				C65588B11C9688540097E11B /* Release */,
			);
			defaultConfigurationIsVisible = 0;
			defaultConfigurationName = Release;
		};
		C65588B21C9688540097E11B /* Build configuration list for PBXNativeTarget "cameraDemo" */ = {
			isa = XCConfigurationList;
			buildConfigurations = (
				C65588B31C9688540097E11B /* Debug */,
				C65588B41C9688540097E11B /* Release */,
			);
			defaultConfigurationIsVisible = 0;
			defaultConfigurationName = Release;
		};
/* End XCConfigurationList section */
	};
	rootObject = C65588931C9688540097E11B /* Project object */;
}
